// !$*UTF8*$!
{
	archiveVersion = 1;
	classes = {
	};
	objectVersion = 50;
	objects = {

/* Begin PBXBuildFile section */
		735C4BB7218F03D800A4F7AE /* AppDelegate.swift in Sources */ = {isa = PBXBuildFile; fileRef = 735C4BB6218F03D800A4F7AE /* AppDelegate.swift */; };
		735C4BB9218F03D800A4F7AE /* ViewController.swift in Sources */ = {isa = PBXBuildFile; fileRef = 735C4BB8218F03D800A4F7AE /* ViewController.swift */; };
		735C4BBC218F03D800A4F7AE /* Main.storyboard in Resources */ = {isa = PBXBuildFile; fileRef = 735C4BBA218F03D800A4F7AE /* Main.storyboard */; };
		735C4BBE218F03D900A4F7AE /* Assets.xcassets in Resources */ = {isa = PBXBuildFile; fileRef = 735C4BBD218F03D900A4F7AE /* Assets.xcassets */; };
		735C4BC1218F03D900A4F7AE /* LaunchScreen.storyboard in Resources */ = {isa = PBXBuildFile; fileRef = 735C4BBF218F03D900A4F7AE /* LaunchScreen.storyboard */; };
/* End PBXBuildFile section */

/* Begin PBXFileReference section */
		735C4BB3218F03D800A4F7AE /* AppTwo.app */ = {isa = PBXFileReference; explicitFileType = wrapper.application; includeInIndex = 0; path = AppTwo.app; sourceTree = BUILT_PRODUCTS_DIR; };
		735C4BB6218F03D800A4F7AE /* AppDelegate.swift */ = {isa = PBXFileReference; lastKnownFileType = sourcecode.swift; path = AppDelegate.swift; sourceTree = "<group>"; };
		735C4BB8218F03D800A4F7AE /* ViewController.swift */ = {isa = PBXFileReference; lastKnownFileType = sourcecode.swift; path = ViewController.swift; sourceTree = "<group>"; };
		735C4BBB218F03D800A4F7AE /* Base */ = {isa = PBXFileReference; lastKnownFileType = file.storyboard; name = Base; path = Base.lproj/Main.storyboard; sourceTree = "<group>"; };
		735C4BBD218F03D900A4F7AE /* Assets.xcassets */ = {isa = PBXFileReference; lastKnownFileType = folder.assetcatalog; path = Assets.xcassets; sourceTree = "<group>"; };
		735C4BC0218F03D900A4F7AE /* Base */ = {isa = PBXFileReference; lastKnownFileType = file.storyboard; name = Base; path = Base.lproj/LaunchScreen.storyboard; sourceTree = "<group>"; };
		735C4BC2218F03D900A4F7AE /* Info.plist */ = {isa = PBXFileReference; lastKnownFileType = text.plist.xml; path = Info.plist; sourceTree = "<group>"; };
/* End PBXFileReference section */

/* Begin PBXFrameworksBuildPhase section */
		735C4BB0218F03D800A4F7AE /* Frameworks */ = {
			isa = PBXFrameworksBuildPhase;
			buildActionMask = 2147483647;
			files = (
			);
			runOnlyForDeploymentPostprocessing = 0;
		};
/* End PBXFrameworksBuildPhase section */

/* Begin PBXGroup section */
		735C4BAA218F03D800A4F7AE = {
			isa = PBXGroup;
			children = (
				735C4BB5218F03D800A4F7AE /* AppTwo */,
				735C4BB4218F03D800A4F7AE /* Products */,
			);
			sourceTree = "<group>";
		};
		735C4BB4218F03D800A4F7AE /* Products */ = {
			isa = PBXGroup;
			children = (
				735C4BB3218F03D800A4F7AE /* AppTwo.app */,
			);
			name = Products;
			sourceTree = "<group>";
		};
		735C4BB5218F03D800A4F7AE /* AppTwo */ = {
			isa = PBXGroup;
			children = (
				735C4BB6218F03D800A4F7AE /* AppDelegate.swift */,
				735C4BB8218F03D800A4F7AE /* ViewController.swift */,
				735C4BBA218F03D800A4F7AE /* Main.storyboard */,
				735C4BBD218F03D900A4F7AE /* Assets.xcassets */,
				735C4BBF218F03D900A4F7AE /* LaunchScreen.storyboard */,
				735C4BC2218F03D900A4F7AE /* Info.plist */,
			);
			path = AppTwo;
			sourceTree = "<group>";
		};
/* End PBXGroup section */

/* Begin PBXNativeTarget section */
		735C4BB2218F03D800A4F7AE /* AppTwo */ = {
			isa = PBXNativeTarget;
			buildConfigurationList = 735C4BC5218F03D900A4F7AE /* Build configuration list for PBXNativeTarget "AppTwo" */;
			buildPhases = (
				735C4BAF218F03D800A4F7AE /* Sources */,
				735C4BB0218F03D800A4F7AE /* Frameworks */,
				735C4BB1218F03D800A4F7AE /* Resources */,
			);
			buildRules = (
			);
			dependencies = (
			);
			name = AppTwo;
			productName = AppTwo;
			productReference = 735C4BB3218F03D800A4F7AE /* AppTwo.app */;
			productType = "com.apple.product-type.application";
		};
/* End PBXNativeTarget section */

/* Begin PBXProject section */
		735C4BAB218F03D800A4F7AE /* Project object */ = {
			isa = PBXProject;
			attributes = {
				LastSwiftUpdateCheck = 1010;
				LastUpgradeCheck = 1010;
				ORGANIZATIONNAME = "Ozan Okur";
				TargetAttributes = {
					735C4BB2218F03D800A4F7AE = {
						CreatedOnToolsVersion = 10.1;
					};
				};
			};
			buildConfigurationList = 735C4BAE218F03D800A4F7AE /* Build configuration list for PBXProject "AppTwo" */;
			compatibilityVersion = "Xcode 9.3";
			developmentRegion = en;
			hasScannedForEncodings = 0;
			knownRegions = (
				en,
				Base,
			);
			mainGroup = 735C4BAA218F03D800A4F7AE;
			productRefGroup = 735C4BB4218F03D800A4F7AE /* Products */;
			projectDirPath = "";
			projectRoot = "";
			targets = (
				735C4BB2218F03D800A4F7AE /* AppTwo */,
			);
		};
/* End PBXProject section */

/* Begin PBXResourcesBuildPhase section */
		735C4BB1218F03D800A4F7AE /* Resources */ = {
			isa = PBXResourcesBuildPhase;
			buildActionMask = 2147483647;
			files = (
				735C4BC1218F03D900A4F7AE /* LaunchScreen.storyboard in Resources */,
				735C4BBE218F03D900A4F7AE /* Assets.xcassets in Resources */,
				735C4BBC218F03D800A4F7AE /* Main.storyboard in Resources */,
			);
			runOnlyForDeploymentPostprocessing = 0;
		};
/* End PBXResourcesBuildPhase section */

/* Begin PBXSourcesBuildPhase section */
		735C4BAF218F03D800A4F7AE /* Sources */ = {
			isa = PBXSourcesBuildPhase;
			buildActionMask = 2147483647;
			files = (
				735C4BB9218F03D800A4F7AE /* ViewController.swift in Sources */,
				735C4BB7218F03D800A4F7AE /* AppDelegate.swift in Sources */,
			);
			runOnlyForDeploymentPostprocessing = 0;
		};
/* End PBXSourcesBuildPhase section */

/* Begin PBXVariantGroup section */
		735C4BBA218F03D800A4F7AE /* Main.storyboard */ = {
			isa = PBXVariantGroup;
			children = (
				735C4BBB218F03D800A4F7AE /* Base */,
			);
			name = Main.storyboard;
			sourceTree = "<group>";
		};
		735C4BBF218F03D900A4F7AE /* LaunchScreen.storyboard */ = {
			isa = PBXVariantGroup;
			children = (
				735C4BC0218F03D900A4F7AE /* Base */,
			);
			name = LaunchScreen.storyboard;
			sourceTree = "<group>";
		};
/* End PBXVariantGroup section */

/* Begin XCBuildConfiguration section */
		735C4BC3218F03D900A4F7AE /* Debug */ = {
			isa = XCBuildConfiguration;
			buildSettings = {
				ALWAYS_SEARCH_USER_PATHS = NO;
				CLANG_ANALYZER_NONNULL = YES;
				CLANG_ANALYZER_NUMBER_OBJECT_CONVERSION = YES_AGGRESSIVE;
				CLANG_CXX_LANGUAGE_STANDARD = "gnu++14";
				CLANG_CXX_LIBRARY = "libc++";
				CLANG_ENABLE_MODULES = YES;
				CLANG_ENABLE_OBJC_ARC = YES;
				CLANG_ENABLE_OBJC_WEAK = YES;
				CLANG_WARN_BLOCK_CAPTURE_AUTORELEASING = YES;
				CLANG_WARN_BOOL_CONVERSION = YES;
				CLANG_WARN_COMMA = YES;
				CLANG_WARN_CONSTANT_CONVERSION = YES;
				CLANG_WARN_DEPRECATED_OBJC_IMPLEMENTATIONS = YES;
				CLANG_WARN_DIRECT_OBJC_ISA_USAGE = YES_ERROR;
				CLANG_WARN_DOCUMENTATION_COMMENTS = YES;
				CLANG_WARN_EMPTY_BODY = YES;
				CLANG_WARN_ENUM_CONVERSION = YES;
				CLANG_WARN_INFINITE_RECURSION = YES;
				CLANG_WARN_INT_CONVERSION = YES;
				CLANG_WARN_NON_LITERAL_NULL_CONVERSION = YES;
				CLANG_WARN_OBJC_IMPLICIT_RETAIN_SELF = YES;
				CLANG_WARN_OBJC_LITERAL_CONVERSION = YES;
				CLANG_WARN_OBJC_ROOT_CLASS = YES_ERROR;
				CLANG_WARN_RANGE_LOOP_ANALYSIS = YES;
				CLANG_WARN_STRICT_PROTOTYPES = YES;
				CLANG_WARN_SUSPICIOUS_MOVE = YES;
				CLANG_WARN_UNGUARDED_AVAILABILITY = YES_AGGRESSIVE;
				CLANG_WARN_UNREACHABLE_CODE = YES;
				CLANG_WARN__DUPLICATE_METHOD_MATCH = YES;
				CODE_SIGN_IDENTITY = "iPhone Developer";
				COPY_PHASE_STRIP = NO;
				DEBUG_INFORMATION_FORMAT = dwarf;
				ENABLE_STRICT_OBJC_MSGSEND = YES;
				ENABLE_TESTABILITY = YES;
				GCC_C_LANGUAGE_STANDARD = gnu11;
				GCC_DYNAMIC_NO_PIC = NO;
				GCC_NO_COMMON_BLOCKS = YES;
				GCC_OPTIMIZATION_LEVEL = 0;
				GCC_PREPROCESSOR_DEFINITIONS = (
					"DEBUG=1",
					"$(inherited)",
				);
				GCC_WARN_64_TO_32_BIT_CONVERSION = YES;
				GCC_WARN_ABOUT_RETURN_TYPE = YES_ERROR;
				GCC_WARN_UNDECLARED_SELECTOR = YES;
				GCC_WARN_UNINITIALIZED_AUTOS = YES_AGGRESSIVE;
				GCC_WARN_UNUSED_FUNCTION = YES;
				GCC_WARN_UNUSED_VARIABLE = YES;
				IPHONEOS_DEPLOYMENT_TARGET = 12.1;
				MTL_ENABLE_DEBUG_INFO = INCLUDE_SOURCE;
				MTL_FAST_MATH = YES;
				ONLY_ACTIVE_ARCH = YES;
				SDKROOT = iphoneos;
				SWIFT_ACTIVE_COMPILATION_CONDITIONS = DEBUG;
				SWIFT_OPTIMIZATION_LEVEL = "-Onone";
			};
			name = Debug;
		};
		735C4BC4218F03D900A4F7AE /* Release */ = {
			isa = XCBuildConfiguration;
			buildSettings = {
				ALWAYS_SEARCH_USER_PATHS = NO;
				CLANG_ANALYZER_NONNULL = YES;
				CLANG_ANALYZER_NUMBER_OBJECT_CONVERSION = YES_AGGRESSIVE;
				CLANG_CXX_LANGUAGE_STANDARD = "gnu++14";
				CLANG_CXX_LIBRARY = "libc++";
				CLANG_ENABLE_MODULES = YES;
				CLANG_ENABLE_OBJC_ARC = YES;
				CLANG_ENABLE_OBJC_WEAK = YES;
				CLANG_WARN_BLOCK_CAPTURE_AUTORELEASING = YES;
				CLANG_WARN_BOOL_CONVERSION = YES;
				CLANG_WARN_COMMA = YES;
				CLANG_WARN_CONSTANT_CONVERSION = YES;
				CLANG_WARN_DEPRECATED_OBJC_IMPLEMENTATIONS = YES;
				CLANG_WARN_DIRECT_OBJC_ISA_USAGE = YES_ERROR;
				CLANG_WARN_DOCUMENTATION_COMMENTS = YES;
				CLANG_WARN_EMPTY_BODY = YES;
				CLANG_WARN_ENUM_CONVERSION = YES;
				CLANG_WARN_INFINITE_RECURSION = YES;
				CLANG_WARN_INT_CONVERSION = YES;
				CLANG_WARN_NON_LITERAL_NULL_CONVERSION = YES;
				CLANG_WARN_OBJC_IMPLICIT_RETAIN_SELF = YES;
				CLANG_WARN_OBJC_LITERAL_CONVERSION = YES;
				CLANG_WARN_OBJC_ROOT_CLASS = YES_ERROR;
				CLANG_WARN_RANGE_LOOP_ANALYSIS = YES;
				CLANG_WARN_STRICT_PROTOTYPES = YES;
				CLANG_WARN_SUSPICIOUS_MOVE = YES;
				CLANG_WARN_UNGUARDED_AVAILABILITY = YES_AGGRESSIVE;
				CLANG_WARN_UNREACHABLE_CODE = YES;
				CLANG_WARN__DUPLICATE_METHOD_MATCH = YES;
				CODE_SIGN_IDENTITY = "iPhone Developer";
				COPY_PHASE_STRIP = NO;
				DEBUG_INFORMATION_FORMAT = "dwarf-with-dsym";
				ENABLE_NS_ASSERTIONS = NO;
				ENABLE_STRICT_OBJC_MSGSEND = YES;
				GCC_C_LANGUAGE_STANDARD = gnu11;
				GCC_NO_COMMON_BLOCKS = YES;
				GCC_WARN_64_TO_32_BIT_CONVERSION = YES;
				GCC_WARN_ABOUT_RETURN_TYPE = YES_ERROR;
				GCC_WARN_UNDECLARED_SELECTOR = YES;
				GCC_WARN_UNINITIALIZED_AUTOS = YES_AGGRESSIVE;
				GCC_WARN_UNUSED_FUNCTION = YES;
				GCC_WARN_UNUSED_VARIABLE = YES;
				IPHONEOS_DEPLOYMENT_TARGET = 12.1;
				MTL_ENABLE_DEBUG_INFO = NO;
				MTL_FAST_MATH = YES;
				SDKROOT = iphoneos;
				SWIFT_COMPILATION_MODE = wholemodule;
				SWIFT_OPTIMIZATION_LEVEL = "-O";
				VALIDATE_PRODUCT = YES;
			};
			name = Release;
		};
		735C4BC6218F03D900A4F7AE /* Debug */ = {
			isa = XCBuildConfiguration;
			buildSettings = {
				ASSETCATALOG_COMPILER_APPICON_NAME = AppIcon;
				CODE_SIGN_STYLE = Automatic;
				DEVELOPMENT_TEAM = 523826S32V;
				INFOPLIST_FILE = AppTwo/Info.plist;
				LD_RUNPATH_SEARCH_PATHS = (
					"$(inherited)",
					"@executable_path/Frameworks",
				);
				PRODUCT_BUNDLE_IDENTIFIER = mag.AppTwo;
				PRODUCT_NAME = "$(TARGET_NAME)";
				SWIFT_VERSION = 4.2;
				TARGETED_DEVICE_FAMILY = 1;
			};
			name = Debug;
		};
		735C4BC7218F03D900A4F7AE /* Release */ = {
			isa = XCBuildConfiguration;
			buildSettings = {
				ASSETCATALOG_COMPILER_APPICON_NAME = AppIcon;
				CODE_SIGN_STYLE = Automatic;
				DEVELOPMENT_TEAM = 523826S32V;
				INFOPLIST_FILE = AppTwo/Info.plist;
				LD_RUNPATH_SEARCH_PATHS = (
					"$(inherited)",
					"@executable_path/Frameworks",
				);
				PRODUCT_BUNDLE_IDENTIFIER = mag.AppTwo;
				PRODUCT_NAME = "$(TARGET_NAME)";
				SWIFT_VERSION = 4.2;
				TARGETED_DEVICE_FAMILY = 1;
			};
			name = Release;
		};
/* End XCBuildConfiguration section */

/* Begin XCConfigurationList section */
		735C4BAE218F03D800A4F7AE /* Build configuration list for PBXProject "AppTwo" */ = {
			isa = XCConfigurationList;
			buildConfigurations = (
				735C4BC3218F03D900A4F7AE /* Debug */,
				735C4BC4218F03D900A4F7AE /* Release */,
			);
			defaultConfigurationIsVisible = 0;
			defaultConfigurationName = Release;
		};
		735C4BC5218F03D900A4F7AE /* Build configuration list for PBXNativeTarget "AppTwo" */ = {
			isa = XCConfigurationList;
			buildConfigurations = (
				735C4BC6218F03D900A4F7AE /* Debug */,
				735C4BC7218F03D900A4F7AE /* Release */,
			);
			defaultConfigurationIsVisible = 0;
			defaultConfigurationName = Release;
		};
/* End XCConfigurationList section */
	};
	rootObject = 735C4BAB218F03D800A4F7AE /* Project object */;
}
